// !$*UTF8*$!
{
	archiveVersion = 1;
	classes = {
	};
	objectVersion = 55;
	objects = {

/* Begin PBXBuildFile section */
		113621DF2893F59100EE5C5F /* RadioButton.swift in Sources */ = {isa = PBXBuildFile; fileRef = 113621DE2893F59100EE5C5F /* RadioButton.swift */; };
		11431E15289142D900A8AFE3 /* ProfileViewController.swift in Sources */ = {isa = PBXBuildFile; fileRef = 11431E14289142D900A8AFE3 /* ProfileViewController.swift */; };
		11431E182891453400A8AFE3 /* ProfileHeaderViewTableViewCell.swift in Sources */ = {isa = PBXBuildFile; fileRef = 11431E172891453400A8AFE3 /* ProfileHeaderViewTableViewCell.swift */; };
		11431E1A28919E1300A8AFE3 /* FavoriteViewController.swift in Sources */ = {isa = PBXBuildFile; fileRef = 11431E1928919E1300A8AFE3 /* FavoriteViewController.swift */; };
		11431E1D28919FEC00A8AFE3 /* FavoriteSearchHeaderView.swift in Sources */ = {isa = PBXBuildFile; fileRef = 11431E1C28919FEC00A8AFE3 /* FavoriteSearchHeaderView.swift */; };
		11431E1F2891A27100A8AFE3 /* FavoriteSearchViewController.swift in Sources */ = {isa = PBXBuildFile; fileRef = 11431E1E2891A27100A8AFE3 /* FavoriteSearchViewController.swift */; };
		11431E212891A8B600A8AFE3 /* Coordinator.swift in Sources */ = {isa = PBXBuildFile; fileRef = 11431E202891A8B600A8AFE3 /* Coordinator.swift */; };
		11431E262891A93C00A8AFE3 /* AppCoordinator.swift in Sources */ = {isa = PBXBuildFile; fileRef = 11431E252891A93C00A8AFE3 /* AppCoordinator.swift */; };
		11431E2A2891A9CA00A8AFE3 /* MainCoordinator.swift in Sources */ = {isa = PBXBuildFile; fileRef = 11431E292891A9CA00A8AFE3 /* MainCoordinator.swift */; };
		11431E2D2891AAE500A8AFE3 /* ProfileCoordinator.swift in Sources */ = {isa = PBXBuildFile; fileRef = 11431E2C2891AAE500A8AFE3 /* ProfileCoordinator.swift */; };
		11431E312891AB6300A8AFE3 /* FavoriteCoordinator.swift in Sources */ = {isa = PBXBuildFile; fileRef = 11431E302891AB6300A8AFE3 /* FavoriteCoordinator.swift */; };
		11431E342891AF6200A8AFE3 /* AuthorizationViewController.swift in Sources */ = {isa = PBXBuildFile; fileRef = 11431E332891AF6200A8AFE3 /* AuthorizationViewController.swift */; };
		11431E362891AFB700A8AFE3 /* LocalAuthorizationService.swift in Sources */ = {isa = PBXBuildFile; fileRef = 11431E352891AFB700A8AFE3 /* LocalAuthorizationService.swift */; };
		11471D522892FD8D00A5EB57 /* ProfileEditViewController.swift in Sources */ = {isa = PBXBuildFile; fileRef = 11471D512892FD8D00A5EB57 /* ProfileEditViewController.swift */; };
		1156B7EC288E9AC000F58577 /* AppDelegate.swift in Sources */ = {isa = PBXBuildFile; fileRef = 1156B7EB288E9AC000F58577 /* AppDelegate.swift */; };
		1156B7EE288E9AC000F58577 /* SceneDelegate.swift in Sources */ = {isa = PBXBuildFile; fileRef = 1156B7ED288E9AC000F58577 /* SceneDelegate.swift */; };
		1156B7F5288E9AC200F58577 /* Assets.xcassets in Resources */ = {isa = PBXBuildFile; fileRef = 1156B7F4288E9AC200F58577 /* Assets.xcassets */; };
		1156B7F8288E9AC200F58577 /* LaunchScreen.storyboard in Resources */ = {isa = PBXBuildFile; fileRef = 1156B7F6288E9AC200F58577 /* LaunchScreen.storyboard */; };
		1156B800288E9E3F00F58577 /* OnboardingViewController.swift in Sources */ = {isa = PBXBuildFile; fileRef = 1156B7FF288E9E3F00F58577 /* OnboardingViewController.swift */; };
		1156B802288EA3B100F58577 /* MagicButton.swift in Sources */ = {isa = PBXBuildFile; fileRef = 1156B801288EA3B100F58577 /* MagicButton.swift */; };
		1156B805288EA4A400F58577 /* Extensions.swift in Sources */ = {isa = PBXBuildFile; fileRef = 1156B804288EA4A400F58577 /* Extensions.swift */; };
		1156B807288EA54500F58577 /* Palette.swift in Sources */ = {isa = PBXBuildFile; fileRef = 1156B806288EA54500F58577 /* Palette.swift */; };
		1156B80D288EBD9700F58577 /* Inter-SemiBold.ttf in Resources */ = {isa = PBXBuildFile; fileRef = 1156B80A288EBD9700F58577 /* Inter-SemiBold.ttf */; };
		1156B80E288EBD9700F58577 /* Inter-Regular.ttf in Resources */ = {isa = PBXBuildFile; fileRef = 1156B80B288EBD9700F58577 /* Inter-Regular.ttf */; };
		1156B80F288EBD9700F58577 /* Inter-Medium.ttf in Resources */ = {isa = PBXBuildFile; fileRef = 1156B80C288EBD9700F58577 /* Inter-Medium.ttf */; };
		1156B813288ED39900F58577 /* RegisterViewController.swift in Sources */ = {isa = PBXBuildFile; fileRef = 1156B812288ED39900F58577 /* RegisterViewController.swift */; };
		1156B815288F0D1500F58577 /* SignInViewController.swift in Sources */ = {isa = PBXBuildFile; fileRef = 1156B814288F0D1400F58577 /* SignInViewController.swift */; };
		11573E3D288FCA7D00819116 /* RegisterConfirmViewController.swift in Sources */ = {isa = PBXBuildFile; fileRef = 11573E3C288FCA7D00819116 /* RegisterConfirmViewController.swift */; };
		11573E40288FEE7E00819116 /* MainViewController.swift in Sources */ = {isa = PBXBuildFile; fileRef = 11573E3F288FEE7E00819116 /* MainViewController.swift */; };
		11573E43288FF24A00819116 /* FriendsListTableViewCell.swift in Sources */ = {isa = PBXBuildFile; fileRef = 11573E42288FF24A00819116 /* FriendsListTableViewCell.swift */; };
		11573E45288FF3F000819116 /* FriendsListCollectionViewCell.swift in Sources */ = {isa = PBXBuildFile; fileRef = 11573E44288FF3F000819116 /* FriendsListCollectionViewCell.swift */; };
		11573E47288FF8DA00819116 /* FriendsList.swift in Sources */ = {isa = PBXBuildFile; fileRef = 11573E46288FF8DA00819116 /* FriendsList.swift */; };
		11573E4A2890440F00819116 /* FeedTableViewCell.swift in Sources */ = {isa = PBXBuildFile; fileRef = 11573E492890440F00819116 /* FeedTableViewCell.swift */; };
		11573E4D2890527100819116 /* PostTopTableViewCell.swift in Sources */ = {isa = PBXBuildFile; fileRef = 11573E4C2890527100819116 /* PostTopTableViewCell.swift */; };
		11573E50289054C000819116 /* PostBotTableViewCell.swift in Sources */ = {isa = PBXBuildFile; fileRef = 11573E4F289054C000819116 /* PostBotTableViewCell.swift */; };
		115A32C4289516A000873DB9 /* MenuViewController.swift in Sources */ = {isa = PBXBuildFile; fileRef = 115A32C3289516A000873DB9 /* MenuViewController.swift */; };
		115A32C72895394E00873DB9 /* MenuTableViewCell.swift in Sources */ = {isa = PBXBuildFile; fileRef = 115A32C62895394E00873DB9 /* MenuTableViewCell.swift */; };
		115A32CA28953B9900873DB9 /* MenuModel.swift in Sources */ = {isa = PBXBuildFile; fileRef = 115A32C928953B9900873DB9 /* MenuModel.swift */; };
		117270FF28926ACE0084D204 /* MainHeaderTableViewCell.swift in Sources */ = {isa = PBXBuildFile; fileRef = 117270FE28926ACE0084D204 /* MainHeaderTableViewCell.swift */; };
		117271012892927B0084D204 /* Photo.swift in Sources */ = {isa = PBXBuildFile; fileRef = 117271002892927B0084D204 /* Photo.swift */; };
		117271042892939B0084D204 /* PhotoTableViewCell.swift in Sources */ = {isa = PBXBuildFile; fileRef = 117271032892939B0084D204 /* PhotoTableViewCell.swift */; };
		11727106289294020084D204 /* PhotoCollectionViewCell.swift in Sources */ = {isa = PBXBuildFile; fileRef = 11727105289294020084D204 /* PhotoCollectionViewCell.swift */; };
		117271092892D0440084D204 /* InfoViewController.swift in Sources */ = {isa = PBXBuildFile; fileRef = 117271082892D0440084D204 /* InfoViewController.swift */; };
		1172710C2892D6610084D204 /* InfoTableViewCell.swift in Sources */ = {isa = PBXBuildFile; fileRef = 1172710B2892D6610084D204 /* InfoTableViewCell.swift */; };
		1172710F2892DB080084D204 /* InfoViewModel.swift in Sources */ = {isa = PBXBuildFile; fileRef = 1172710E2892DB080084D204 /* InfoViewModel.swift */; };
		117682C32897C4F100D8DCB3 /* PhotoViewController.swift in Sources */ = {isa = PBXBuildFile; fileRef = 117682C22897C4F100D8DCB3 /* PhotoViewController.swift */; };
		117BA2BF2896A8F200B9F501 /* Separator.swift in Sources */ = {isa = PBXBuildFile; fileRef = 117BA2BE2896A8F200B9F501 /* Separator.swift */; };
		118FFAF12897C9CC0082A766 /* iOSIntPackage in Frameworks */ = {isa = PBXBuildFile; productRef = 118FFAF02897C9CC0082A766 /* iOSIntPackage */; };
		4BA9345BCFB43EA4FFD6B52F /* Pods_Netmate.framework in Frameworks */ = {isa = PBXBuildFile; fileRef = 78B25ECF4F9E68E35F270119 /* Pods_Netmate.framework */; };
/* End PBXBuildFile section */

/* Begin PBXFileReference section */
		113621DE2893F59100EE5C5F /* RadioButton.swift */ = {isa = PBXFileReference; lastKnownFileType = sourcecode.swift; path = RadioButton.swift; sourceTree = "<group>"; };
		11431E14289142D900A8AFE3 /* ProfileViewController.swift */ = {isa = PBXFileReference; lastKnownFileType = sourcecode.swift; path = ProfileViewController.swift; sourceTree = "<group>"; };
		11431E172891453400A8AFE3 /* ProfileHeaderViewTableViewCell.swift */ = {isa = PBXFileReference; lastKnownFileType = sourcecode.swift; path = ProfileHeaderViewTableViewCell.swift; sourceTree = "<group>"; };
		11431E1928919E1300A8AFE3 /* FavoriteViewController.swift */ = {isa = PBXFileReference; lastKnownFileType = sourcecode.swift; path = FavoriteViewController.swift; sourceTree = "<group>"; };
		11431E1C28919FEC00A8AFE3 /* FavoriteSearchHeaderView.swift */ = {isa = PBXFileReference; lastKnownFileType = sourcecode.swift; path = FavoriteSearchHeaderView.swift; sourceTree = "<group>"; };
		11431E1E2891A27100A8AFE3 /* FavoriteSearchViewController.swift */ = {isa = PBXFileReference; lastKnownFileType = sourcecode.swift; path = FavoriteSearchViewController.swift; sourceTree = "<group>"; };
		11431E202891A8B600A8AFE3 /* Coordinator.swift */ = {isa = PBXFileReference; lastKnownFileType = sourcecode.swift; path = Coordinator.swift; sourceTree = "<group>"; };
		11431E252891A93C00A8AFE3 /* AppCoordinator.swift */ = {isa = PBXFileReference; lastKnownFileType = sourcecode.swift; path = AppCoordinator.swift; sourceTree = "<group>"; };
		11431E292891A9CA00A8AFE3 /* MainCoordinator.swift */ = {isa = PBXFileReference; lastKnownFileType = sourcecode.swift; path = MainCoordinator.swift; sourceTree = "<group>"; };
		11431E2C2891AAE500A8AFE3 /* ProfileCoordinator.swift */ = {isa = PBXFileReference; lastKnownFileType = sourcecode.swift; path = ProfileCoordinator.swift; sourceTree = "<group>"; };
		11431E302891AB6300A8AFE3 /* FavoriteCoordinator.swift */ = {isa = PBXFileReference; lastKnownFileType = sourcecode.swift; path = FavoriteCoordinator.swift; sourceTree = "<group>"; };
		11431E332891AF6200A8AFE3 /* AuthorizationViewController.swift */ = {isa = PBXFileReference; lastKnownFileType = sourcecode.swift; path = AuthorizationViewController.swift; sourceTree = "<group>"; };
		11431E352891AFB700A8AFE3 /* LocalAuthorizationService.swift */ = {isa = PBXFileReference; lastKnownFileType = sourcecode.swift; path = LocalAuthorizationService.swift; sourceTree = "<group>"; };
		11471D512892FD8D00A5EB57 /* ProfileEditViewController.swift */ = {isa = PBXFileReference; lastKnownFileType = sourcecode.swift; path = ProfileEditViewController.swift; sourceTree = "<group>"; };
		1156B7E8288E9AC000F58577 /* Netmate.app */ = {isa = PBXFileReference; explicitFileType = wrapper.application; includeInIndex = 0; path = Netmate.app; sourceTree = BUILT_PRODUCTS_DIR; };
		1156B7EB288E9AC000F58577 /* AppDelegate.swift */ = {isa = PBXFileReference; lastKnownFileType = sourcecode.swift; path = AppDelegate.swift; sourceTree = "<group>"; };
		1156B7ED288E9AC000F58577 /* SceneDelegate.swift */ = {isa = PBXFileReference; lastKnownFileType = sourcecode.swift; path = SceneDelegate.swift; sourceTree = "<group>"; };
		1156B7F4288E9AC200F58577 /* Assets.xcassets */ = {isa = PBXFileReference; lastKnownFileType = folder.assetcatalog; path = Assets.xcassets; sourceTree = "<group>"; };
		1156B7F7288E9AC200F58577 /* Base */ = {isa = PBXFileReference; lastKnownFileType = file.storyboard; name = Base; path = Base.lproj/LaunchScreen.storyboard; sourceTree = "<group>"; };
		1156B7F9288E9AC200F58577 /* Info.plist */ = {isa = PBXFileReference; lastKnownFileType = text.plist.xml; path = Info.plist; sourceTree = "<group>"; };
		1156B7FF288E9E3F00F58577 /* OnboardingViewController.swift */ = {isa = PBXFileReference; lastKnownFileType = sourcecode.swift; path = OnboardingViewController.swift; sourceTree = "<group>"; };
		1156B801288EA3B100F58577 /* MagicButton.swift */ = {isa = PBXFileReference; lastKnownFileType = sourcecode.swift; path = MagicButton.swift; sourceTree = "<group>"; };
		1156B804288EA4A400F58577 /* Extensions.swift */ = {isa = PBXFileReference; lastKnownFileType = sourcecode.swift; path = Extensions.swift; sourceTree = "<group>"; };
		1156B806288EA54500F58577 /* Palette.swift */ = {isa = PBXFileReference; lastKnownFileType = sourcecode.swift; path = Palette.swift; sourceTree = "<group>"; };
		1156B80A288EBD9700F58577 /* Inter-SemiBold.ttf */ = {isa = PBXFileReference; lastKnownFileType = file; path = "Inter-SemiBold.ttf"; sourceTree = "<group>"; };
		1156B80B288EBD9700F58577 /* Inter-Regular.ttf */ = {isa = PBXFileReference; lastKnownFileType = file; path = "Inter-Regular.ttf"; sourceTree = "<group>"; };
		1156B80C288EBD9700F58577 /* Inter-Medium.ttf */ = {isa = PBXFileReference; lastKnownFileType = file; path = "Inter-Medium.ttf"; sourceTree = "<group>"; };
		1156B812288ED39900F58577 /* RegisterViewController.swift */ = {isa = PBXFileReference; lastKnownFileType = sourcecode.swift; path = RegisterViewController.swift; sourceTree = "<group>"; };
		1156B814288F0D1400F58577 /* SignInViewController.swift */ = {isa = PBXFileReference; lastKnownFileType = sourcecode.swift; path = SignInViewController.swift; sourceTree = "<group>"; };
		11573E3C288FCA7D00819116 /* RegisterConfirmViewController.swift */ = {isa = PBXFileReference; lastKnownFileType = sourcecode.swift; path = RegisterConfirmViewController.swift; sourceTree = "<group>"; };
		11573E3F288FEE7E00819116 /* MainViewController.swift */ = {isa = PBXFileReference; lastKnownFileType = sourcecode.swift; path = MainViewController.swift; sourceTree = "<group>"; };
		11573E42288FF24A00819116 /* FriendsListTableViewCell.swift */ = {isa = PBXFileReference; lastKnownFileType = sourcecode.swift; path = FriendsListTableViewCell.swift; sourceTree = "<group>"; };
		11573E44288FF3F000819116 /* FriendsListCollectionViewCell.swift */ = {isa = PBXFileReference; lastKnownFileType = sourcecode.swift; path = FriendsListCollectionViewCell.swift; sourceTree = "<group>"; };
		11573E46288FF8DA00819116 /* FriendsList.swift */ = {isa = PBXFileReference; lastKnownFileType = sourcecode.swift; path = FriendsList.swift; sourceTree = "<group>"; };
		11573E492890440F00819116 /* FeedTableViewCell.swift */ = {isa = PBXFileReference; lastKnownFileType = sourcecode.swift; path = FeedTableViewCell.swift; sourceTree = "<group>"; };
		11573E4C2890527100819116 /* PostTopTableViewCell.swift */ = {isa = PBXFileReference; lastKnownFileType = sourcecode.swift; path = PostTopTableViewCell.swift; sourceTree = "<group>"; };
		11573E4F289054C000819116 /* PostBotTableViewCell.swift */ = {isa = PBXFileReference; lastKnownFileType = sourcecode.swift; path = PostBotTableViewCell.swift; sourceTree = "<group>"; };
		115A32C3289516A000873DB9 /* MenuViewController.swift */ = {isa = PBXFileReference; lastKnownFileType = sourcecode.swift; path = MenuViewController.swift; sourceTree = "<group>"; };
		115A32C62895394E00873DB9 /* MenuTableViewCell.swift */ = {isa = PBXFileReference; lastKnownFileType = sourcecode.swift; path = MenuTableViewCell.swift; sourceTree = "<group>"; };
		115A32C928953B9900873DB9 /* MenuModel.swift */ = {isa = PBXFileReference; lastKnownFileType = sourcecode.swift; path = MenuModel.swift; sourceTree = "<group>"; };
		117270FE28926ACE0084D204 /* MainHeaderTableViewCell.swift */ = {isa = PBXFileReference; lastKnownFileType = sourcecode.swift; path = MainHeaderTableViewCell.swift; sourceTree = "<group>"; };
		117271002892927B0084D204 /* Photo.swift */ = {isa = PBXFileReference; lastKnownFileType = sourcecode.swift; path = Photo.swift; sourceTree = "<group>"; };
		117271032892939B0084D204 /* PhotoTableViewCell.swift */ = {isa = PBXFileReference; lastKnownFileType = sourcecode.swift; path = PhotoTableViewCell.swift; sourceTree = "<group>"; };
		11727105289294020084D204 /* PhotoCollectionViewCell.swift */ = {isa = PBXFileReference; lastKnownFileType = sourcecode.swift; path = PhotoCollectionViewCell.swift; sourceTree = "<group>"; };
		117271082892D0440084D204 /* InfoViewController.swift */ = {isa = PBXFileReference; lastKnownFileType = sourcecode.swift; path = InfoViewController.swift; sourceTree = "<group>"; };
		1172710B2892D6610084D204 /* InfoTableViewCell.swift */ = {isa = PBXFileReference; lastKnownFileType = sourcecode.swift; path = InfoTableViewCell.swift; sourceTree = "<group>"; };
		1172710E2892DB080084D204 /* InfoViewModel.swift */ = {isa = PBXFileReference; lastKnownFileType = sourcecode.swift; path = InfoViewModel.swift; sourceTree = "<group>"; };
		117682C22897C4F100D8DCB3 /* PhotoViewController.swift */ = {isa = PBXFileReference; lastKnownFileType = sourcecode.swift; path = PhotoViewController.swift; sourceTree = "<group>"; };
		117BA2BE2896A8F200B9F501 /* Separator.swift */ = {isa = PBXFileReference; lastKnownFileType = sourcecode.swift; path = Separator.swift; sourceTree = "<group>"; };
		78B25ECF4F9E68E35F270119 /* Pods_Netmate.framework */ = {isa = PBXFileReference; explicitFileType = wrapper.framework; includeInIndex = 0; path = Pods_Netmate.framework; sourceTree = BUILT_PRODUCTS_DIR; };
		F31C75EEEA9F8C7E63C4BD0E /* Pods-Netmate.release.xcconfig */ = {isa = PBXFileReference; includeInIndex = 1; lastKnownFileType = text.xcconfig; name = "Pods-Netmate.release.xcconfig"; path = "Target Support Files/Pods-Netmate/Pods-Netmate.release.xcconfig"; sourceTree = "<group>"; };
		F7C80E4D7D27F158F2315BBB /* Pods-Netmate.debug.xcconfig */ = {isa = PBXFileReference; includeInIndex = 1; lastKnownFileType = text.xcconfig; name = "Pods-Netmate.debug.xcconfig"; path = "Target Support Files/Pods-Netmate/Pods-Netmate.debug.xcconfig"; sourceTree = "<group>"; };
/* End PBXFileReference section */

/* Begin PBXFrameworksBuildPhase section */
		1156B7E5288E9AC000F58577 /* Frameworks */ = {
			isa = PBXFrameworksBuildPhase;
			buildActionMask = 2147483647;
			files = (
				118FFAF12897C9CC0082A766 /* iOSIntPackage in Frameworks */,
				4BA9345BCFB43EA4FFD6B52F /* Pods_Netmate.framework in Frameworks */,
			);
			runOnlyForDeploymentPostprocessing = 0;
		};
/* End PBXFrameworksBuildPhase section */

/* Begin PBXGroup section */
		0F51D194776812270A958C6D /* Pods */ = {
			isa = PBXGroup;
			children = (
				F7C80E4D7D27F158F2315BBB /* Pods-Netmate.debug.xcconfig */,
				F31C75EEEA9F8C7E63C4BD0E /* Pods-Netmate.release.xcconfig */,
			);
			path = Pods;
			sourceTree = "<group>";
		};
		11431E16289142DF00A8AFE3 /* Profile */ = {
			isa = PBXGroup;
			children = (
				11431E2B2891AACD00A8AFE3 /* Views */,
				11431E2E2891AAEB00A8AFE3 /* Coordinator */,
			);
			path = Profile;
			sourceTree = "<group>";
		};
		11431E1B28919E1B00A8AFE3 /* Favorite */ = {
			isa = PBXGroup;
			children = (
				11431E2F2891AB4200A8AFE3 /* Views */,
				11431E322891AB6800A8AFE3 /* Coordinator */,
			);
			path = Favorite;
			sourceTree = "<group>";
		};
		11431E222891A8DD00A8AFE3 /* Coordinator */ = {
			isa = PBXGroup;
			children = (
				11431E202891A8B600A8AFE3 /* Coordinator.swift */,
				11431E252891A93C00A8AFE3 /* AppCoordinator.swift */,
			);
			path = Coordinator;
			sourceTree = "<group>";
		};
		11431E272891A99800A8AFE3 /* Coordinator */ = {
			isa = PBXGroup;
			children = (
				11431E292891A9CA00A8AFE3 /* MainCoordinator.swift */,
			);
			path = Coordinator;
			sourceTree = "<group>";
		};
		11431E282891A9A800A8AFE3 /* Views */ = {
			isa = PBXGroup;
			children = (
				11573E3F288FEE7E00819116 /* MainViewController.swift */,
				117270FE28926ACE0084D204 /* MainHeaderTableViewCell.swift */,
			);
			path = Views;
			sourceTree = "<group>";
		};
		11431E2B2891AACD00A8AFE3 /* Views */ = {
			isa = PBXGroup;
			children = (
				11431E14289142D900A8AFE3 /* ProfileViewController.swift */,
				11471D512892FD8D00A5EB57 /* ProfileEditViewController.swift */,
				11431E172891453400A8AFE3 /* ProfileHeaderViewTableViewCell.swift */,
			);
			path = Views;
			sourceTree = "<group>";
		};
		11431E2E2891AAEB00A8AFE3 /* Coordinator */ = {
			isa = PBXGroup;
			children = (
				11431E2C2891AAE500A8AFE3 /* ProfileCoordinator.swift */,
			);
			path = Coordinator;
			sourceTree = "<group>";
		};
		11431E2F2891AB4200A8AFE3 /* Views */ = {
			isa = PBXGroup;
			children = (
				11431E1928919E1300A8AFE3 /* FavoriteViewController.swift */,
				11431E1E2891A27100A8AFE3 /* FavoriteSearchViewController.swift */,
				11431E1C28919FEC00A8AFE3 /* FavoriteSearchHeaderView.swift */,
			);
			path = Views;
			sourceTree = "<group>";
		};
		11431E322891AB6800A8AFE3 /* Coordinator */ = {
			isa = PBXGroup;
			children = (
				11431E302891AB6300A8AFE3 /* FavoriteCoordinator.swift */,
			);
			path = Coordinator;
			sourceTree = "<group>";
		};
		11431E372891AFD700A8AFE3 /* Services */ = {
			isa = PBXGroup;
			children = (
				11431E352891AFB700A8AFE3 /* LocalAuthorizationService.swift */,
			);
			path = Services;
			sourceTree = "<group>";
		};
		1156B7DF288E9ABF00F58577 = {
			isa = PBXGroup;
			children = (
				1156B7EA288E9AC000F58577 /* Netmate */,
				1156B7E9288E9AC000F58577 /* Products */,
				0F51D194776812270A958C6D /* Pods */,
				C8469C57D8868439AE601DBD /* Frameworks */,
			);
			sourceTree = "<group>";
		};
		1156B7E9288E9AC000F58577 /* Products */ = {
			isa = PBXGroup;
			children = (
				1156B7E8288E9AC000F58577 /* Netmate.app */,
			);
			name = Products;
			sourceTree = "<group>";
		};
		1156B7EA288E9AC000F58577 /* Netmate */ = {
			isa = PBXGroup;
			children = (
				1156B7EB288E9AC000F58577 /* AppDelegate.swift */,
				1156B7ED288E9AC000F58577 /* SceneDelegate.swift */,
				1156B7F6288E9AC200F58577 /* LaunchScreen.storyboard */,
				1156B7F9288E9AC200F58577 /* Info.plist */,
				1156B7F4288E9AC200F58577 /* Assets.xcassets */,
				11431E222891A8DD00A8AFE3 /* Coordinator */,
				1156B810288EBDA100F58577 /* Fonts */,
				1156B808288EA63900F58577 /* Helpers */,
				1156B803288EA3C500F58577 /* Components */,
				11431E372891AFD700A8AFE3 /* Services */,
				1156B811288ED36F00F58577 /* Onboarding */,
				11573E3E288FD2BA00819116 /* SignIn */,
				1156B809288EA64300F58577 /* Register */,
				11573E41288FF21B00819116 /* Main */,
				115A32C5289538F000873DB9 /* Menu */,
				11431E16289142DF00A8AFE3 /* Profile */,
				11431E1B28919E1B00A8AFE3 /* Favorite */,
				11573E482890427A00819116 /* FriedsList */,
				1172710A2892D4C40084D204 /* Info */,
				11573E4B2890441400819116 /* Feed */,
				117271022892937B0084D204 /* Photo */,
				11573E4E2890527C00819116 /* Post */,
			);
			path = Netmate;
			sourceTree = "<group>";
		};
		1156B803288EA3C500F58577 /* Components */ = {
			isa = PBXGroup;
			children = (
				1156B801288EA3B100F58577 /* MagicButton.swift */,
				113621DE2893F59100EE5C5F /* RadioButton.swift */,
				117BA2BE2896A8F200B9F501 /* Separator.swift */,
			);
			path = Components;
			sourceTree = "<group>";
		};
		1156B808288EA63900F58577 /* Helpers */ = {
			isa = PBXGroup;
			children = (
				1156B804288EA4A400F58577 /* Extensions.swift */,
				1156B806288EA54500F58577 /* Palette.swift */,
			);
			path = Helpers;
			sourceTree = "<group>";
		};
		1156B809288EA64300F58577 /* Register */ = {
			isa = PBXGroup;
			children = (
				1156B812288ED39900F58577 /* RegisterViewController.swift */,
				11573E3C288FCA7D00819116 /* RegisterConfirmViewController.swift */,
			);
			path = Register;
			sourceTree = "<group>";
		};
		1156B810288EBDA100F58577 /* Fonts */ = {
			isa = PBXGroup;
			children = (
				1156B80C288EBD9700F58577 /* Inter-Medium.ttf */,
				1156B80B288EBD9700F58577 /* Inter-Regular.ttf */,
				1156B80A288EBD9700F58577 /* Inter-SemiBold.ttf */,
			);
			path = Fonts;
			sourceTree = "<group>";
		};
		1156B811288ED36F00F58577 /* Onboarding */ = {
			isa = PBXGroup;
			children = (
				1156B7FF288E9E3F00F58577 /* OnboardingViewController.swift */,
			);
			path = Onboarding;
			sourceTree = "<group>";
		};
		11573E3E288FD2BA00819116 /* SignIn */ = {
			isa = PBXGroup;
			children = (
				1156B814288F0D1400F58577 /* SignInViewController.swift */,
				11431E332891AF6200A8AFE3 /* AuthorizationViewController.swift */,
			);
			path = SignIn;
			sourceTree = "<group>";
		};
		11573E41288FF21B00819116 /* Main */ = {
			isa = PBXGroup;
			children = (
				11431E282891A9A800A8AFE3 /* Views */,
				11431E272891A99800A8AFE3 /* Coordinator */,
			);
			path = Main;
			sourceTree = "<group>";
		};
		11573E482890427A00819116 /* FriedsList */ = {
			isa = PBXGroup;
			children = (
				11573E46288FF8DA00819116 /* FriendsList.swift */,
				11573E42288FF24A00819116 /* FriendsListTableViewCell.swift */,
				11573E44288FF3F000819116 /* FriendsListCollectionViewCell.swift */,
			);
			path = FriedsList;
			sourceTree = "<group>";
		};
		11573E4B2890441400819116 /* Feed */ = {
			isa = PBXGroup;
			children = (
				11573E492890440F00819116 /* FeedTableViewCell.swift */,
			);
			path = Feed;
			sourceTree = "<group>";
		};
		11573E4E2890527C00819116 /* Post */ = {
			isa = PBXGroup;
			children = (
				11573E4C2890527100819116 /* PostTopTableViewCell.swift */,
				11573E4F289054C000819116 /* PostBotTableViewCell.swift */,
			);
			path = Post;
			sourceTree = "<group>";
		};
		115A32C5289538F000873DB9 /* Menu */ = {
			isa = PBXGroup;
			children = (
				115A32C828953B7A00873DB9 /* Views */,
				115A32CB28953DF500873DB9 /* Model */,
			);
			path = Menu;
			sourceTree = "<group>";
		};
		115A32C828953B7A00873DB9 /* Views */ = {
			isa = PBXGroup;
			children = (
				115A32C3289516A000873DB9 /* MenuViewController.swift */,
				115A32C62895394E00873DB9 /* MenuTableViewCell.swift */,
			);
			path = Views;
			sourceTree = "<group>";
		};
		115A32CB28953DF500873DB9 /* Model */ = {
			isa = PBXGroup;
			children = (
				115A32C928953B9900873DB9 /* MenuModel.swift */,
			);
			path = Model;
			sourceTree = "<group>";
		};
		117271022892937B0084D204 /* Photo */ = {
			isa = PBXGroup;
			children = (
				117271002892927B0084D204 /* Photo.swift */,
				11727107289296110084D204 /* Views */,
			);
			path = Photo;
			sourceTree = "<group>";
		};
		11727107289296110084D204 /* Views */ = {
			isa = PBXGroup;
			children = (
				117682C22897C4F100D8DCB3 /* PhotoViewController.swift */,
				117271032892939B0084D204 /* PhotoTableViewCell.swift */,
				11727105289294020084D204 /* PhotoCollectionViewCell.swift */,
			);
			path = Views;
			sourceTree = "<group>";
		};
		1172710A2892D4C40084D204 /* Info */ = {
			isa = PBXGroup;
			children = (
				1172710D2892D9BE0084D204 /* Views */,
				117271102892DB0F0084D204 /* Model */,
			);
			path = Info;
			sourceTree = "<group>";
		};
		1172710D2892D9BE0084D204 /* Views */ = {
			isa = PBXGroup;
			children = (
				117271082892D0440084D204 /* InfoViewController.swift */,
				1172710B2892D6610084D204 /* InfoTableViewCell.swift */,
			);
			path = Views;
			sourceTree = "<group>";
		};
		117271102892DB0F0084D204 /* Model */ = {
			isa = PBXGroup;
			children = (
				1172710E2892DB080084D204 /* InfoViewModel.swift */,
			);
			path = Model;
			sourceTree = "<group>";
		};
		C8469C57D8868439AE601DBD /* Frameworks */ = {
			isa = PBXGroup;
			children = (
				78B25ECF4F9E68E35F270119 /* Pods_Netmate.framework */,
			);
			name = Frameworks;
			sourceTree = "<group>";
		};
/* End PBXGroup section */

/* Begin PBXNativeTarget section */
		1156B7E7288E9AC000F58577 /* Netmate */ = {
			isa = PBXNativeTarget;
			buildConfigurationList = 1156B7FC288E9AC200F58577 /* Build configuration list for PBXNativeTarget "Netmate" */;
			buildPhases = (
				25640F7C80A7A9E29A75F80B /* [CP] Check Pods Manifest.lock */,
				1156B7E4288E9AC000F58577 /* Sources */,
				1156B7E5288E9AC000F58577 /* Frameworks */,
				1156B7E6288E9AC000F58577 /* Resources */,
				5609797E66B04FE50B362786 /* [CP] Embed Pods Frameworks */,
			);
			buildRules = (
			);
			dependencies = (
			);
			name = Netmate;
			packageProductDependencies = (
				118FFAF02897C9CC0082A766 /* iOSIntPackage */,
			);
			productName = Netmate;
			productReference = 1156B7E8288E9AC000F58577 /* Netmate.app */;
			productType = "com.apple.product-type.application";
		};
/* End PBXNativeTarget section */

/* Begin PBXProject section */
		1156B7E0288E9ABF00F58577 /* Project object */ = {
			isa = PBXProject;
			attributes = {
				BuildIndependentTargetsInParallel = 1;
				LastSwiftUpdateCheck = 1340;
				LastUpgradeCheck = 1340;
				TargetAttributes = {
					1156B7E7288E9AC000F58577 = {
						CreatedOnToolsVersion = 13.4.1;
					};
				};
			};
			buildConfigurationList = 1156B7E3288E9AC000F58577 /* Build configuration list for PBXProject "Netmate" */;
			compatibilityVersion = "Xcode 13.0";
			developmentRegion = en;
			hasScannedForEncodings = 0;
			knownRegions = (
				en,
				Base,
			);
			mainGroup = 1156B7DF288E9ABF00F58577;
			packageReferences = (
				118FFAEF2897C9CC0082A766 /* XCRemoteSwiftPackageReference "iOSIntPackage" */,
			);
			productRefGroup = 1156B7E9288E9AC000F58577 /* Products */;
			projectDirPath = "";
			projectRoot = "";
			targets = (
				1156B7E7288E9AC000F58577 /* Netmate */,
			);
		};
/* End PBXProject section */

/* Begin PBXResourcesBuildPhase section */
		1156B7E6288E9AC000F58577 /* Resources */ = {
			isa = PBXResourcesBuildPhase;
			buildActionMask = 2147483647;
			files = (
				1156B80D288EBD9700F58577 /* Inter-SemiBold.ttf in Resources */,
				1156B7F8288E9AC200F58577 /* LaunchScreen.storyboard in Resources */,
				1156B80E288EBD9700F58577 /* Inter-Regular.ttf in Resources */,
				1156B80F288EBD9700F58577 /* Inter-Medium.ttf in Resources */,
				1156B7F5288E9AC200F58577 /* Assets.xcassets in Resources */,
			);
			runOnlyForDeploymentPostprocessing = 0;
		};
/* End PBXResourcesBuildPhase section */

/* Begin PBXShellScriptBuildPhase section */
		25640F7C80A7A9E29A75F80B /* [CP] Check Pods Manifest.lock */ = {
			isa = PBXShellScriptBuildPhase;
			buildActionMask = 2147483647;
			files = (
			);
			inputFileListPaths = (
			);
			inputPaths = (
				"${PODS_PODFILE_DIR_PATH}/Podfile.lock",
				"${PODS_ROOT}/Manifest.lock",
			);
			name = "[CP] Check Pods Manifest.lock";
			outputFileListPaths = (
			);
			outputPaths = (
				"$(DERIVED_FILE_DIR)/Pods-Netmate-checkManifestLockResult.txt",
			);
			runOnlyForDeploymentPostprocessing = 0;
			shellPath = /bin/sh;
			shellScript = "diff \"${PODS_PODFILE_DIR_PATH}/Podfile.lock\" \"${PODS_ROOT}/Manifest.lock\" > /dev/null\nif [ $? != 0 ] ; then\n    # print error to STDERR\n    echo \"error: The sandbox is not in sync with the Podfile.lock. Run 'pod install' or update your CocoaPods installation.\" >&2\n    exit 1\nfi\n# This output is used by Xcode 'outputs' to avoid re-running this script phase.\necho \"SUCCESS\" > \"${SCRIPT_OUTPUT_FILE_0}\"\n";
			showEnvVarsInLog = 0;
		};
		5609797E66B04FE50B362786 /* [CP] Embed Pods Frameworks */ = {
			isa = PBXShellScriptBuildPhase;
			buildActionMask = 2147483647;
			files = (
			);
			inputFileListPaths = (
				"${PODS_ROOT}/Target Support Files/Pods-Netmate/Pods-Netmate-frameworks-${CONFIGURATION}-input-files.xcfilelist",
			);
			name = "[CP] Embed Pods Frameworks";
			outputFileListPaths = (
				"${PODS_ROOT}/Target Support Files/Pods-Netmate/Pods-Netmate-frameworks-${CONFIGURATION}-output-files.xcfilelist",
			);
			runOnlyForDeploymentPostprocessing = 0;
			shellPath = /bin/sh;
			shellScript = "\"${PODS_ROOT}/Target Support Files/Pods-Netmate/Pods-Netmate-frameworks.sh\"\n";
			showEnvVarsInLog = 0;
		};
/* End PBXShellScriptBuildPhase section */

/* Begin PBXSourcesBuildPhase section */
		1156B7E4288E9AC000F58577 /* Sources */ = {
			isa = PBXSourcesBuildPhase;
			buildActionMask = 2147483647;
			files = (
				11431E342891AF6200A8AFE3 /* AuthorizationViewController.swift in Sources */,
				117271092892D0440084D204 /* InfoViewController.swift in Sources */,
				1156B805288EA4A400F58577 /* Extensions.swift in Sources */,
				11431E2A2891A9CA00A8AFE3 /* MainCoordinator.swift in Sources */,
				1156B800288E9E3F00F58577 /* OnboardingViewController.swift in Sources */,
				117BA2BF2896A8F200B9F501 /* Separator.swift in Sources */,
				11431E2D2891AAE500A8AFE3 /* ProfileCoordinator.swift in Sources */,
				11573E4D2890527100819116 /* PostTopTableViewCell.swift in Sources */,
				11573E50289054C000819116 /* PostBotTableViewCell.swift in Sources */,
				1156B813288ED39900F58577 /* RegisterViewController.swift in Sources */,
				11573E3D288FCA7D00819116 /* RegisterConfirmViewController.swift in Sources */,
				117682C32897C4F100D8DCB3 /* PhotoViewController.swift in Sources */,
				11727106289294020084D204 /* PhotoCollectionViewCell.swift in Sources */,
				11431E262891A93C00A8AFE3 /* AppCoordinator.swift in Sources */,
				11431E212891A8B600A8AFE3 /* Coordinator.swift in Sources */,
				11573E45288FF3F000819116 /* FriendsListCollectionViewCell.swift in Sources */,
				11431E1D28919FEC00A8AFE3 /* FavoriteSearchHeaderView.swift in Sources */,
				117270FF28926ACE0084D204 /* MainHeaderTableViewCell.swift in Sources */,
				11431E312891AB6300A8AFE3 /* FavoriteCoordinator.swift in Sources */,
				115A32C4289516A000873DB9 /* MenuViewController.swift in Sources */,
				11431E1F2891A27100A8AFE3 /* FavoriteSearchViewController.swift in Sources */,
				11431E15289142D900A8AFE3 /* ProfileViewController.swift in Sources */,
				117271042892939B0084D204 /* PhotoTableViewCell.swift in Sources */,
				1156B802288EA3B100F58577 /* MagicButton.swift in Sources */,
				1156B815288F0D1500F58577 /* SignInViewController.swift in Sources */,
				11573E4A2890440F00819116 /* FeedTableViewCell.swift in Sources */,
				115A32CA28953B9900873DB9 /* MenuModel.swift in Sources */,
				1172710C2892D6610084D204 /* InfoTableViewCell.swift in Sources */,
				1156B807288EA54500F58577 /* Palette.swift in Sources */,
				1172710F2892DB080084D204 /* InfoViewModel.swift in Sources */,
				11573E43288FF24A00819116 /* FriendsListTableViewCell.swift in Sources */,
				11431E182891453400A8AFE3 /* ProfileHeaderViewTableViewCell.swift in Sources */,
				11471D522892FD8D00A5EB57 /* ProfileEditViewController.swift in Sources */,
				11431E1A28919E1300A8AFE3 /* FavoriteViewController.swift in Sources */,
				117271012892927B0084D204 /* Photo.swift in Sources */,
				1156B7EC288E9AC000F58577 /* AppDelegate.swift in Sources */,
				115A32C72895394E00873DB9 /* MenuTableViewCell.swift in Sources */,
				1156B7EE288E9AC000F58577 /* SceneDelegate.swift in Sources */,
				113621DF2893F59100EE5C5F /* RadioButton.swift in Sources */,
				11573E40288FEE7E00819116 /* MainViewController.swift in Sources */,
				11573E47288FF8DA00819116 /* FriendsList.swift in Sources */,
				11431E362891AFB700A8AFE3 /* LocalAuthorizationService.swift in Sources */,
			);
			runOnlyForDeploymentPostprocessing = 0;
		};
/* End PBXSourcesBuildPhase section */

/* Begin PBXVariantGroup section */
		1156B7F6288E9AC200F58577 /* LaunchScreen.storyboard */ = {
			isa = PBXVariantGroup;
			children = (
				1156B7F7288E9AC200F58577 /* Base */,
			);
			name = LaunchScreen.storyboard;
			sourceTree = "<group>";
		};
/* End PBXVariantGroup section */

/* Begin XCBuildConfiguration section */
		1156B7FA288E9AC200F58577 /* Debug */ = {
			isa = XCBuildConfiguration;
			buildSettings = {
				ALWAYS_SEARCH_USER_PATHS = NO;
				CLANG_ANALYZER_NONNULL = YES;
				CLANG_ANALYZER_NUMBER_OBJECT_CONVERSION = YES_AGGRESSIVE;
				CLANG_CXX_LANGUAGE_STANDARD = "gnu++17";
				CLANG_ENABLE_MODULES = YES;
				CLANG_ENABLE_OBJC_ARC = YES;
				CLANG_ENABLE_OBJC_WEAK = YES;
				CLANG_WARN_BLOCK_CAPTURE_AUTORELEASING = YES;
				CLANG_WARN_BOOL_CONVERSION = YES;
				CLANG_WARN_COMMA = YES;
				CLANG_WARN_CONSTANT_CONVERSION = YES;
				CLANG_WARN_DEPRECATED_OBJC_IMPLEMENTATIONS = YES;
				CLANG_WARN_DIRECT_OBJC_ISA_USAGE = YES_ERROR;
				CLANG_WARN_DOCUMENTATION_COMMENTS = YES;
				CLANG_WARN_EMPTY_BODY = YES;
				CLANG_WARN_ENUM_CONVERSION = YES;
				CLANG_WARN_INFINITE_RECURSION = YES;
				CLANG_WARN_INT_CONVERSION = YES;
				CLANG_WARN_NON_LITERAL_NULL_CONVERSION = YES;
				CLANG_WARN_OBJC_IMPLICIT_RETAIN_SELF = YES;
				CLANG_WARN_OBJC_LITERAL_CONVERSION = YES;
				CLANG_WARN_OBJC_ROOT_CLASS = YES_ERROR;
				CLANG_WARN_QUOTED_INCLUDE_IN_FRAMEWORK_HEADER = YES;
				CLANG_WARN_RANGE_LOOP_ANALYSIS = YES;
				CLANG_WARN_STRICT_PROTOTYPES = YES;
				CLANG_WARN_SUSPICIOUS_MOVE = YES;
				CLANG_WARN_UNGUARDED_AVAILABILITY = YES_AGGRESSIVE;
				CLANG_WARN_UNREACHABLE_CODE = YES;
				CLANG_WARN__DUPLICATE_METHOD_MATCH = YES;
				COPY_PHASE_STRIP = NO;
				DEBUG_INFORMATION_FORMAT = dwarf;
				ENABLE_STRICT_OBJC_MSGSEND = YES;
				ENABLE_TESTABILITY = YES;
				GCC_C_LANGUAGE_STANDARD = gnu11;
				GCC_DYNAMIC_NO_PIC = NO;
				GCC_NO_COMMON_BLOCKS = YES;
				GCC_OPTIMIZATION_LEVEL = 0;
				GCC_PREPROCESSOR_DEFINITIONS = (
					"DEBUG=1",
					"$(inherited)",
				);
				GCC_WARN_64_TO_32_BIT_CONVERSION = YES;
				GCC_WARN_ABOUT_RETURN_TYPE = YES_ERROR;
				GCC_WARN_UNDECLARED_SELECTOR = YES;
				GCC_WARN_UNINITIALIZED_AUTOS = YES_AGGRESSIVE;
				GCC_WARN_UNUSED_FUNCTION = YES;
				GCC_WARN_UNUSED_VARIABLE = YES;
				IPHONEOS_DEPLOYMENT_TARGET = 15.5;
				MTL_ENABLE_DEBUG_INFO = INCLUDE_SOURCE;
				MTL_FAST_MATH = YES;
				ONLY_ACTIVE_ARCH = YES;
				SDKROOT = iphoneos;
				SWIFT_ACTIVE_COMPILATION_CONDITIONS = DEBUG;
				SWIFT_OPTIMIZATION_LEVEL = "-Onone";
			};
			name = Debug;
		};
		1156B7FB288E9AC200F58577 /* Release */ = {
			isa = XCBuildConfiguration;
			buildSettings = {
				ALWAYS_SEARCH_USER_PATHS = NO;
				CLANG_ANALYZER_NONNULL = YES;
				CLANG_ANALYZER_NUMBER_OBJECT_CONVERSION = YES_AGGRESSIVE;
				CLANG_CXX_LANGUAGE_STANDARD = "gnu++17";
				CLANG_ENABLE_MODULES = YES;
				CLANG_ENABLE_OBJC_ARC = YES;
				CLANG_ENABLE_OBJC_WEAK = YES;
				CLANG_WARN_BLOCK_CAPTURE_AUTORELEASING = YES;
				CLANG_WARN_BOOL_CONVERSION = YES;
				CLANG_WARN_COMMA = YES;
				CLANG_WARN_CONSTANT_CONVERSION = YES;
				CLANG_WARN_DEPRECATED_OBJC_IMPLEMENTATIONS = YES;
				CLANG_WARN_DIRECT_OBJC_ISA_USAGE = YES_ERROR;
				CLANG_WARN_DOCUMENTATION_COMMENTS = YES;
				CLANG_WARN_EMPTY_BODY = YES;
				CLANG_WARN_ENUM_CONVERSION = YES;
				CLANG_WARN_INFINITE_RECURSION = YES;
				CLANG_WARN_INT_CONVERSION = YES;
				CLANG_WARN_NON_LITERAL_NULL_CONVERSION = YES;
				CLANG_WARN_OBJC_IMPLICIT_RETAIN_SELF = YES;
				CLANG_WARN_OBJC_LITERAL_CONVERSION = YES;
				CLANG_WARN_OBJC_ROOT_CLASS = YES_ERROR;
				CLANG_WARN_QUOTED_INCLUDE_IN_FRAMEWORK_HEADER = YES;
				CLANG_WARN_RANGE_LOOP_ANALYSIS = YES;
				CLANG_WARN_STRICT_PROTOTYPES = YES;
				CLANG_WARN_SUSPICIOUS_MOVE = YES;
				CLANG_WARN_UNGUARDED_AVAILABILITY = YES_AGGRESSIVE;
				CLANG_WARN_UNREACHABLE_CODE = YES;
				CLANG_WARN__DUPLICATE_METHOD_MATCH = YES;
				COPY_PHASE_STRIP = NO;
				DEBUG_INFORMATION_FORMAT = "dwarf-with-dsym";
				ENABLE_NS_ASSERTIONS = NO;
				ENABLE_STRICT_OBJC_MSGSEND = YES;
				GCC_C_LANGUAGE_STANDARD = gnu11;
				GCC_NO_COMMON_BLOCKS = YES;
				GCC_WARN_64_TO_32_BIT_CONVERSION = YES;
				GCC_WARN_ABOUT_RETURN_TYPE = YES_ERROR;
				GCC_WARN_UNDECLARED_SELECTOR = YES;
				GCC_WARN_UNINITIALIZED_AUTOS = YES_AGGRESSIVE;
				GCC_WARN_UNUSED_FUNCTION = YES;
				GCC_WARN_UNUSED_VARIABLE = YES;
				IPHONEOS_DEPLOYMENT_TARGET = 15.5;
				MTL_ENABLE_DEBUG_INFO = NO;
				MTL_FAST_MATH = YES;
				SDKROOT = iphoneos;
				SWIFT_COMPILATION_MODE = wholemodule;
				SWIFT_OPTIMIZATION_LEVEL = "-O";
				VALIDATE_PRODUCT = YES;
			};
			name = Release;
		};
		1156B7FD288E9AC200F58577 /* Debug */ = {
			isa = XCBuildConfiguration;
			baseConfigurationReference = F7C80E4D7D27F158F2315BBB /* Pods-Netmate.debug.xcconfig */;
			buildSettings = {
				ASSETCATALOG_COMPILER_APPICON_NAME = AppIcon;
				ASSETCATALOG_COMPILER_GLOBAL_ACCENT_COLOR_NAME = AccentColor;
				CODE_SIGN_STYLE = Automatic;
				CURRENT_PROJECT_VERSION = 1;
				DEVELOPMENT_TEAM = 6KKCSVG8J3;
				GENERATE_INFOPLIST_FILE = YES;
				INFOPLIST_FILE = Netmate/Info.plist;
				INFOPLIST_KEY_UIApplicationSupportsIndirectInputEvents = YES;
				INFOPLIST_KEY_UILaunchStoryboardName = LaunchScreen;
				INFOPLIST_KEY_UISupportedInterfaceOrientations_iPad = "UIInterfaceOrientationPortrait UIInterfaceOrientationPortraitUpsideDown UIInterfaceOrientationLandscapeLeft UIInterfaceOrientationLandscapeRight";
				INFOPLIST_KEY_UISupportedInterfaceOrientations_iPhone = "UIInterfaceOrientationPortrait UIInterfaceOrientationLandscapeLeft UIInterfaceOrientationLandscapeRight";
				LD_RUNPATH_SEARCH_PATHS = (
					"$(inherited)",
					"@executable_path/Frameworks",
				);
				MARKETING_VERSION = 1.0;
				PRODUCT_BUNDLE_IDENTIFIER = com.gin.Netmate;
				PRODUCT_NAME = "$(TARGET_NAME)";
				SWIFT_EMIT_LOC_STRINGS = YES;
				SWIFT_VERSION = 5.0;
				TARGETED_DEVICE_FAMILY = "1,2";
			};
			name = Debug;
		};
		1156B7FE288E9AC200F58577 /* Release */ = {
			isa = XCBuildConfiguration;
			baseConfigurationReference = F31C75EEEA9F8C7E63C4BD0E /* Pods-Netmate.release.xcconfig */;
			buildSettings = {
				ASSETCATALOG_COMPILER_APPICON_NAME = AppIcon;
				ASSETCATALOG_COMPILER_GLOBAL_ACCENT_COLOR_NAME = AccentColor;
				CODE_SIGN_STYLE = Automatic;
				CURRENT_PROJECT_VERSION = 1;
				DEVELOPMENT_TEAM = 6KKCSVG8J3;
				GENERATE_INFOPLIST_FILE = YES;
				INFOPLIST_FILE = Netmate/Info.plist;
				INFOPLIST_KEY_UIApplicationSupportsIndirectInputEvents = YES;
				INFOPLIST_KEY_UILaunchStoryboardName = LaunchScreen;
				INFOPLIST_KEY_UISupportedInterfaceOrientations_iPad = "UIInterfaceOrientationPortrait UIInterfaceOrientationPortraitUpsideDown UIInterfaceOrientationLandscapeLeft UIInterfaceOrientationLandscapeRight";
				INFOPLIST_KEY_UISupportedInterfaceOrientations_iPhone = "UIInterfaceOrientationPortrait UIInterfaceOrientationLandscapeLeft UIInterfaceOrientationLandscapeRight";
				LD_RUNPATH_SEARCH_PATHS = (
					"$(inherited)",
					"@executable_path/Frameworks",
				);
				MARKETING_VERSION = 1.0;
				PRODUCT_BUNDLE_IDENTIFIER = com.gin.Netmate;
				PRODUCT_NAME = "$(TARGET_NAME)";
				SWIFT_EMIT_LOC_STRINGS = YES;
				SWIFT_VERSION = 5.0;
				TARGETED_DEVICE_FAMILY = "1,2";
			};
			name = Release;
		};
/* End XCBuildConfiguration section */

/* Begin XCConfigurationList section */
		1156B7E3288E9AC000F58577 /* Build configuration list for PBXProject "Netmate" */ = {
			isa = XCConfigurationList;
			buildConfigurations = (
				1156B7FA288E9AC200F58577 /* Debug */,
				1156B7FB288E9AC200F58577 /* Release */,
			);
			defaultConfigurationIsVisible = 0;
			defaultConfigurationName = Release;
		};
		1156B7FC288E9AC200F58577 /* Build configuration list for PBXNativeTarget "Netmate" */ = {
			isa = XCConfigurationList;
			buildConfigurations = (
				1156B7FD288E9AC200F58577 /* Debug */,
				1156B7FE288E9AC200F58577 /* Release */,
			);
			defaultConfigurationIsVisible = 0;
			defaultConfigurationName = Release;
		};
/* End XCConfigurationList section */

/* Begin XCRemoteSwiftPackageReference section */
		118FFAEF2897C9CC0082A766 /* XCRemoteSwiftPackageReference "iOSIntPackage" */ = {
			isa = XCRemoteSwiftPackageReference;
			repositoryURL = "https://github.com/TrueMax/iOSIntPackage/";
			requirement = {
				branch = imagepublisher;
				kind = branch;
			};
		};
/* End XCRemoteSwiftPackageReference section */

/* Begin XCSwiftPackageProductDependency section */
		118FFAF02897C9CC0082A766 /* iOSIntPackage */ = {
			isa = XCSwiftPackageProductDependency;
			package = 118FFAEF2897C9CC0082A766 /* XCRemoteSwiftPackageReference "iOSIntPackage" */;
			productName = iOSIntPackage;
		};
/* End XCSwiftPackageProductDependency section */
	};
	rootObject = 1156B7E0288E9ABF00F58577 /* Project object */;
}
