// !$*UTF8*$!
{
	archiveVersion = 1;
	classes = {
	};
	objectVersion = 55;
	objects = {

/* Begin PBXBuildFile section */
		11431E15289142D900A8AFE3 /* ProfileViewController.swift in Sources */ = {isa = PBXBuildFile; fileRef = 11431E14289142D900A8AFE3 /* ProfileViewController.swift */; };
		11431E182891453400A8AFE3 /* ProfileHeaderView.swift in Sources */ = {isa = PBXBuildFile; fileRef = 11431E172891453400A8AFE3 /* ProfileHeaderView.swift */; };
		11431E1A28919E1300A8AFE3 /* FavoriteViewController.swift in Sources */ = {isa = PBXBuildFile; fileRef = 11431E1928919E1300A8AFE3 /* FavoriteViewController.swift */; };
		11431E1D28919FEC00A8AFE3 /* FavoriteSearchHeaderView.swift in Sources */ = {isa = PBXBuildFile; fileRef = 11431E1C28919FEC00A8AFE3 /* FavoriteSearchHeaderView.swift */; };
		11431E1F2891A27100A8AFE3 /* FavoriteSearchViewController.swift in Sources */ = {isa = PBXBuildFile; fileRef = 11431E1E2891A27100A8AFE3 /* FavoriteSearchViewController.swift */; };
		1156B7EC288E9AC000F58577 /* AppDelegate.swift in Sources */ = {isa = PBXBuildFile; fileRef = 1156B7EB288E9AC000F58577 /* AppDelegate.swift */; };
		1156B7EE288E9AC000F58577 /* SceneDelegate.swift in Sources */ = {isa = PBXBuildFile; fileRef = 1156B7ED288E9AC000F58577 /* SceneDelegate.swift */; };
		1156B7F5288E9AC200F58577 /* Assets.xcassets in Resources */ = {isa = PBXBuildFile; fileRef = 1156B7F4288E9AC200F58577 /* Assets.xcassets */; };
		1156B7F8288E9AC200F58577 /* LaunchScreen.storyboard in Resources */ = {isa = PBXBuildFile; fileRef = 1156B7F6288E9AC200F58577 /* LaunchScreen.storyboard */; };
		1156B800288E9E3F00F58577 /* OnboardingViewController.swift in Sources */ = {isa = PBXBuildFile; fileRef = 1156B7FF288E9E3F00F58577 /* OnboardingViewController.swift */; };
		1156B802288EA3B100F58577 /* MagicButton.swift in Sources */ = {isa = PBXBuildFile; fileRef = 1156B801288EA3B100F58577 /* MagicButton.swift */; };
		1156B805288EA4A400F58577 /* Extensions.swift in Sources */ = {isa = PBXBuildFile; fileRef = 1156B804288EA4A400F58577 /* Extensions.swift */; };
		1156B807288EA54500F58577 /* Palette.swift in Sources */ = {isa = PBXBuildFile; fileRef = 1156B806288EA54500F58577 /* Palette.swift */; };
		1156B80D288EBD9700F58577 /* Inter-SemiBold.ttf in Resources */ = {isa = PBXBuildFile; fileRef = 1156B80A288EBD9700F58577 /* Inter-SemiBold.ttf */; };
		1156B80E288EBD9700F58577 /* Inter-Regular.ttf in Resources */ = {isa = PBXBuildFile; fileRef = 1156B80B288EBD9700F58577 /* Inter-Regular.ttf */; };
		1156B80F288EBD9700F58577 /* Inter-Medium.ttf in Resources */ = {isa = PBXBuildFile; fileRef = 1156B80C288EBD9700F58577 /* Inter-Medium.ttf */; };
		1156B813288ED39900F58577 /* RegisterViewController.swift in Sources */ = {isa = PBXBuildFile; fileRef = 1156B812288ED39900F58577 /* RegisterViewController.swift */; };
		1156B815288F0D1500F58577 /* SignInViewController.swift in Sources */ = {isa = PBXBuildFile; fileRef = 1156B814288F0D1400F58577 /* SignInViewController.swift */; };
		11573E3D288FCA7D00819116 /* RegisterConfirmViewController.swift in Sources */ = {isa = PBXBuildFile; fileRef = 11573E3C288FCA7D00819116 /* RegisterConfirmViewController.swift */; };
		11573E40288FEE7E00819116 /* MainViewController.swift in Sources */ = {isa = PBXBuildFile; fileRef = 11573E3F288FEE7E00819116 /* MainViewController.swift */; };
		11573E43288FF24A00819116 /* FriendsListTableViewCell.swift in Sources */ = {isa = PBXBuildFile; fileRef = 11573E42288FF24A00819116 /* FriendsListTableViewCell.swift */; };
		11573E45288FF3F000819116 /* FriendsListCollectionViewCell.swift in Sources */ = {isa = PBXBuildFile; fileRef = 11573E44288FF3F000819116 /* FriendsListCollectionViewCell.swift */; };
		11573E47288FF8DA00819116 /* FriendsList.swift in Sources */ = {isa = PBXBuildFile; fileRef = 11573E46288FF8DA00819116 /* FriendsList.swift */; };
		11573E4A2890440F00819116 /* FeedTableViewCell.swift in Sources */ = {isa = PBXBuildFile; fileRef = 11573E492890440F00819116 /* FeedTableViewCell.swift */; };
		11573E4D2890527100819116 /* PostTopTableViewCell.swift in Sources */ = {isa = PBXBuildFile; fileRef = 11573E4C2890527100819116 /* PostTopTableViewCell.swift */; };
		11573E50289054C000819116 /* PostBotTableViewCell.swift in Sources */ = {isa = PBXBuildFile; fileRef = 11573E4F289054C000819116 /* PostBotTableViewCell.swift */; };
/* End PBXBuildFile section */

/* Begin PBXFileReference section */
		11431E14289142D900A8AFE3 /* ProfileViewController.swift */ = {isa = PBXFileReference; lastKnownFileType = sourcecode.swift; path = ProfileViewController.swift; sourceTree = "<group>"; };
		11431E172891453400A8AFE3 /* ProfileHeaderView.swift */ = {isa = PBXFileReference; lastKnownFileType = sourcecode.swift; path = ProfileHeaderView.swift; sourceTree = "<group>"; };
		11431E1928919E1300A8AFE3 /* FavoriteViewController.swift */ = {isa = PBXFileReference; lastKnownFileType = sourcecode.swift; path = FavoriteViewController.swift; sourceTree = "<group>"; };
		11431E1C28919FEC00A8AFE3 /* FavoriteSearchHeaderView.swift */ = {isa = PBXFileReference; lastKnownFileType = sourcecode.swift; path = FavoriteSearchHeaderView.swift; sourceTree = "<group>"; };
		11431E1E2891A27100A8AFE3 /* FavoriteSearchViewController.swift */ = {isa = PBXFileReference; lastKnownFileType = sourcecode.swift; path = FavoriteSearchViewController.swift; sourceTree = "<group>"; };
		1156B7E8288E9AC000F58577 /* Netmate.app */ = {isa = PBXFileReference; explicitFileType = wrapper.application; includeInIndex = 0; path = Netmate.app; sourceTree = BUILT_PRODUCTS_DIR; };
		1156B7EB288E9AC000F58577 /* AppDelegate.swift */ = {isa = PBXFileReference; lastKnownFileType = sourcecode.swift; path = AppDelegate.swift; sourceTree = "<group>"; };
		1156B7ED288E9AC000F58577 /* SceneDelegate.swift */ = {isa = PBXFileReference; lastKnownFileType = sourcecode.swift; path = SceneDelegate.swift; sourceTree = "<group>"; };
		1156B7F4288E9AC200F58577 /* Assets.xcassets */ = {isa = PBXFileReference; lastKnownFileType = folder.assetcatalog; path = Assets.xcassets; sourceTree = "<group>"; };
		1156B7F7288E9AC200F58577 /* Base */ = {isa = PBXFileReference; lastKnownFileType = file.storyboard; name = Base; path = Base.lproj/LaunchScreen.storyboard; sourceTree = "<group>"; };
		1156B7F9288E9AC200F58577 /* Info.plist */ = {isa = PBXFileReference; lastKnownFileType = text.plist.xml; path = Info.plist; sourceTree = "<group>"; };
		1156B7FF288E9E3F00F58577 /* OnboardingViewController.swift */ = {isa = PBXFileReference; lastKnownFileType = sourcecode.swift; path = OnboardingViewController.swift; sourceTree = "<group>"; };
		1156B801288EA3B100F58577 /* MagicButton.swift */ = {isa = PBXFileReference; lastKnownFileType = sourcecode.swift; path = MagicButton.swift; sourceTree = "<group>"; };
		1156B804288EA4A400F58577 /* Extensions.swift */ = {isa = PBXFileReference; lastKnownFileType = sourcecode.swift; path = Extensions.swift; sourceTree = "<group>"; };
		1156B806288EA54500F58577 /* Palette.swift */ = {isa = PBXFileReference; lastKnownFileType = sourcecode.swift; path = Palette.swift; sourceTree = "<group>"; };
		1156B80A288EBD9700F58577 /* Inter-SemiBold.ttf */ = {isa = PBXFileReference; lastKnownFileType = file; path = "Inter-SemiBold.ttf"; sourceTree = "<group>"; };
		1156B80B288EBD9700F58577 /* Inter-Regular.ttf */ = {isa = PBXFileReference; lastKnownFileType = file; path = "Inter-Regular.ttf"; sourceTree = "<group>"; };
		1156B80C288EBD9700F58577 /* Inter-Medium.ttf */ = {isa = PBXFileReference; lastKnownFileType = file; path = "Inter-Medium.ttf"; sourceTree = "<group>"; };
		1156B812288ED39900F58577 /* RegisterViewController.swift */ = {isa = PBXFileReference; lastKnownFileType = sourcecode.swift; path = RegisterViewController.swift; sourceTree = "<group>"; };
		1156B814288F0D1400F58577 /* SignInViewController.swift */ = {isa = PBXFileReference; lastKnownFileType = sourcecode.swift; path = SignInViewController.swift; sourceTree = "<group>"; };
		11573E3C288FCA7D00819116 /* RegisterConfirmViewController.swift */ = {isa = PBXFileReference; lastKnownFileType = sourcecode.swift; path = RegisterConfirmViewController.swift; sourceTree = "<group>"; };
		11573E3F288FEE7E00819116 /* MainViewController.swift */ = {isa = PBXFileReference; lastKnownFileType = sourcecode.swift; path = MainViewController.swift; sourceTree = "<group>"; };
		11573E42288FF24A00819116 /* FriendsListTableViewCell.swift */ = {isa = PBXFileReference; lastKnownFileType = sourcecode.swift; path = FriendsListTableViewCell.swift; sourceTree = "<group>"; };
		11573E44288FF3F000819116 /* FriendsListCollectionViewCell.swift */ = {isa = PBXFileReference; lastKnownFileType = sourcecode.swift; path = FriendsListCollectionViewCell.swift; sourceTree = "<group>"; };
		11573E46288FF8DA00819116 /* FriendsList.swift */ = {isa = PBXFileReference; lastKnownFileType = sourcecode.swift; path = FriendsList.swift; sourceTree = "<group>"; };
		11573E492890440F00819116 /* FeedTableViewCell.swift */ = {isa = PBXFileReference; lastKnownFileType = sourcecode.swift; path = FeedTableViewCell.swift; sourceTree = "<group>"; };
		11573E4C2890527100819116 /* PostTopTableViewCell.swift */ = {isa = PBXFileReference; lastKnownFileType = sourcecode.swift; path = PostTopTableViewCell.swift; sourceTree = "<group>"; };
		11573E4F289054C000819116 /* PostBotTableViewCell.swift */ = {isa = PBXFileReference; lastKnownFileType = sourcecode.swift; path = PostBotTableViewCell.swift; sourceTree = "<group>"; };
/* End PBXFileReference section */

/* Begin PBXFrameworksBuildPhase section */
		1156B7E5288E9AC000F58577 /* Frameworks */ = {
			isa = PBXFrameworksBuildPhase;
			buildActionMask = 2147483647;
			files = (
			);
			runOnlyForDeploymentPostprocessing = 0;
		};
/* End PBXFrameworksBuildPhase section */

/* Begin PBXGroup section */
		11431E16289142DF00A8AFE3 /* Profile */ = {
			isa = PBXGroup;
			children = (
				11431E14289142D900A8AFE3 /* ProfileViewController.swift */,
				11431E172891453400A8AFE3 /* ProfileHeaderView.swift */,
			);
			path = Profile;
			sourceTree = "<group>";
		};
		11431E1B28919E1B00A8AFE3 /* Favorite */ = {
			isa = PBXGroup;
			children = (
				11431E1928919E1300A8AFE3 /* FavoriteViewController.swift */,
				11431E1E2891A27100A8AFE3 /* FavoriteSearchViewController.swift */,
				11431E1C28919FEC00A8AFE3 /* FavoriteSearchHeaderView.swift */,
			);
			path = Favorite;
			sourceTree = "<group>";
		};
		1156B7DF288E9ABF00F58577 = {
			isa = PBXGroup;
			children = (
				1156B7EA288E9AC000F58577 /* Netmate */,
				1156B7E9288E9AC000F58577 /* Products */,
			);
			sourceTree = "<group>";
		};
		1156B7E9288E9AC000F58577 /* Products */ = {
			isa = PBXGroup;
			children = (
				1156B7E8288E9AC000F58577 /* Netmate.app */,
			);
			name = Products;
			sourceTree = "<group>";
		};
		1156B7EA288E9AC000F58577 /* Netmate */ = {
			isa = PBXGroup;
			children = (
				1156B7EB288E9AC000F58577 /* AppDelegate.swift */,
				1156B7ED288E9AC000F58577 /* SceneDelegate.swift */,
				1156B7F6288E9AC200F58577 /* LaunchScreen.storyboard */,
				1156B7F9288E9AC200F58577 /* Info.plist */,
				1156B7F4288E9AC200F58577 /* Assets.xcassets */,
				1156B811288ED36F00F58577 /* Onboarding */,
				1156B809288EA64300F58577 /* Register */,
				11573E3E288FD2BA00819116 /* SignIn */,
				1156B810288EBDA100F58577 /* Fonts */,
				1156B808288EA63900F58577 /* Helpers */,
				1156B803288EA3C500F58577 /* Components */,
				11573E41288FF21B00819116 /* Main */,
				11431E16289142DF00A8AFE3 /* Profile */,
				11431E1B28919E1B00A8AFE3 /* Favorite */,
				11573E482890427A00819116 /* FriedsList */,
				11573E4B2890441400819116 /* Feed */,
				11573E4E2890527C00819116 /* Post */,
			);
			path = Netmate;
			sourceTree = "<group>";
		};
		1156B803288EA3C500F58577 /* Components */ = {
			isa = PBXGroup;
			children = (
				1156B801288EA3B100F58577 /* MagicButton.swift */,
			);
			path = Components;
			sourceTree = "<group>";
		};
		1156B808288EA63900F58577 /* Helpers */ = {
			isa = PBXGroup;
			children = (
				1156B804288EA4A400F58577 /* Extensions.swift */,
				1156B806288EA54500F58577 /* Palette.swift */,
			);
			path = Helpers;
			sourceTree = "<group>";
		};
		1156B809288EA64300F58577 /* Register */ = {
			isa = PBXGroup;
			children = (
				1156B812288ED39900F58577 /* RegisterViewController.swift */,
				11573E3C288FCA7D00819116 /* RegisterConfirmViewController.swift */,
			);
			path = Register;
			sourceTree = "<group>";
		};
		1156B810288EBDA100F58577 /* Fonts */ = {
			isa = PBXGroup;
			children = (
				1156B80C288EBD9700F58577 /* Inter-Medium.ttf */,
				1156B80B288EBD9700F58577 /* Inter-Regular.ttf */,
				1156B80A288EBD9700F58577 /* Inter-SemiBold.ttf */,
			);
			path = Fonts;
			sourceTree = "<group>";
		};
		1156B811288ED36F00F58577 /* Onboarding */ = {
			isa = PBXGroup;
			children = (
				1156B7FF288E9E3F00F58577 /* OnboardingViewController.swift */,
			);
			path = Onboarding;
			sourceTree = "<group>";
		};
		11573E3E288FD2BA00819116 /* SignIn */ = {
			isa = PBXGroup;
			children = (
				1156B814288F0D1400F58577 /* SignInViewController.swift */,
			);
			path = SignIn;
			sourceTree = "<group>";
		};
		11573E41288FF21B00819116 /* Main */ = {
			isa = PBXGroup;
			children = (
				11573E3F288FEE7E00819116 /* MainViewController.swift */,
			);
			path = Main;
			sourceTree = "<group>";
		};
		11573E482890427A00819116 /* FriedsList */ = {
			isa = PBXGroup;
			children = (
				11573E46288FF8DA00819116 /* FriendsList.swift */,
				11573E42288FF24A00819116 /* FriendsListTableViewCell.swift */,
				11573E44288FF3F000819116 /* FriendsListCollectionViewCell.swift */,
			);
			path = FriedsList;
			sourceTree = "<group>";
		};
		11573E4B2890441400819116 /* Feed */ = {
			isa = PBXGroup;
			children = (
				11573E492890440F00819116 /* FeedTableViewCell.swift */,
			);
			path = Feed;
			sourceTree = "<group>";
		};
		11573E4E2890527C00819116 /* Post */ = {
			isa = PBXGroup;
			children = (
				11573E4C2890527100819116 /* PostTopTableViewCell.swift */,
				11573E4F289054C000819116 /* PostBotTableViewCell.swift */,
			);
			path = Post;
			sourceTree = "<group>";
		};
/* End PBXGroup section */

/* Begin PBXNativeTarget section */
		1156B7E7288E9AC000F58577 /* Netmate */ = {
			isa = PBXNativeTarget;
			buildConfigurationList = 1156B7FC288E9AC200F58577 /* Build configuration list for PBXNativeTarget "Netmate" */;
			buildPhases = (
				1156B7E4288E9AC000F58577 /* Sources */,
				1156B7E5288E9AC000F58577 /* Frameworks */,
				1156B7E6288E9AC000F58577 /* Resources */,
			);
			buildRules = (
			);
			dependencies = (
			);
			name = Netmate;
			productName = Netmate;
			productReference = 1156B7E8288E9AC000F58577 /* Netmate.app */;
			productType = "com.apple.product-type.application";
		};
/* End PBXNativeTarget section */

/* Begin PBXProject section */
		1156B7E0288E9ABF00F58577 /* Project object */ = {
			isa = PBXProject;
			attributes = {
				BuildIndependentTargetsInParallel = 1;
				LastSwiftUpdateCheck = 1340;
				LastUpgradeCheck = 1340;
				TargetAttributes = {
					1156B7E7288E9AC000F58577 = {
						CreatedOnToolsVersion = 13.4.1;
					};
				};
			};
			buildConfigurationList = 1156B7E3288E9AC000F58577 /* Build configuration list for PBXProject "Netmate" */;
			compatibilityVersion = "Xcode 13.0";
			developmentRegion = en;
			hasScannedForEncodings = 0;
			knownRegions = (
				en,
				Base,
			);
			mainGroup = 1156B7DF288E9ABF00F58577;
			productRefGroup = 1156B7E9288E9AC000F58577 /* Products */;
			projectDirPath = "";
			projectRoot = "";
			targets = (
				1156B7E7288E9AC000F58577 /* Netmate */,
			);
		};
/* End PBXProject section */

/* Begin PBXResourcesBuildPhase section */
		1156B7E6288E9AC000F58577 /* Resources */ = {
			isa = PBXResourcesBuildPhase;
			buildActionMask = 2147483647;
			files = (
				1156B80D288EBD9700F58577 /* Inter-SemiBold.ttf in Resources */,
				1156B7F8288E9AC200F58577 /* LaunchScreen.storyboard in Resources */,
				1156B80E288EBD9700F58577 /* Inter-Regular.ttf in Resources */,
				1156B80F288EBD9700F58577 /* Inter-Medium.ttf in Resources */,
				1156B7F5288E9AC200F58577 /* Assets.xcassets in Resources */,
			);
			runOnlyForDeploymentPostprocessing = 0;
		};
/* End PBXResourcesBuildPhase section */

/* Begin PBXSourcesBuildPhase section */
		1156B7E4288E9AC000F58577 /* Sources */ = {
			isa = PBXSourcesBuildPhase;
			buildActionMask = 2147483647;
			files = (
				1156B805288EA4A400F58577 /* Extensions.swift in Sources */,
				1156B800288E9E3F00F58577 /* OnboardingViewController.swift in Sources */,
				11573E4D2890527100819116 /* PostTopTableViewCell.swift in Sources */,
				11573E50289054C000819116 /* PostBotTableViewCell.swift in Sources */,
				1156B813288ED39900F58577 /* RegisterViewController.swift in Sources */,
				11573E3D288FCA7D00819116 /* RegisterConfirmViewController.swift in Sources */,
				11573E45288FF3F000819116 /* FriendsListCollectionViewCell.swift in Sources */,
				11431E1D28919FEC00A8AFE3 /* FavoriteSearchHeaderView.swift in Sources */,
				11431E1F2891A27100A8AFE3 /* FavoriteSearchViewController.swift in Sources */,
				11431E15289142D900A8AFE3 /* ProfileViewController.swift in Sources */,
				1156B802288EA3B100F58577 /* MagicButton.swift in Sources */,
				1156B815288F0D1500F58577 /* SignInViewController.swift in Sources */,
				11573E4A2890440F00819116 /* FeedTableViewCell.swift in Sources */,
				1156B807288EA54500F58577 /* Palette.swift in Sources */,
				11573E43288FF24A00819116 /* FriendsListTableViewCell.swift in Sources */,
				11431E182891453400A8AFE3 /* ProfileHeaderView.swift in Sources */,
				11431E1A28919E1300A8AFE3 /* FavoriteViewController.swift in Sources */,
				1156B7EC288E9AC000F58577 /* AppDelegate.swift in Sources */,
				1156B7EE288E9AC000F58577 /* SceneDelegate.swift in Sources */,
				11573E40288FEE7E00819116 /* MainViewController.swift in Sources */,
				11573E47288FF8DA00819116 /* FriendsList.swift in Sources */,
			);
			runOnlyForDeploymentPostprocessing = 0;
		};
/* End PBXSourcesBuildPhase section */

/* Begin PBXVariantGroup section */
		1156B7F6288E9AC200F58577 /* LaunchScreen.storyboard */ = {
			isa = PBXVariantGroup;
			children = (
				1156B7F7288E9AC200F58577 /* Base */,
			);
			name = LaunchScreen.storyboard;
			sourceTree = "<group>";
		};
/* End PBXVariantGroup section */

/* Begin XCBuildConfiguration section */
		1156B7FA288E9AC200F58577 /* Debug */ = {
			isa = XCBuildConfiguration;
			buildSettings = {
				ALWAYS_SEARCH_USER_PATHS = NO;
				CLANG_ANALYZER_NONNULL = YES;
				CLANG_ANALYZER_NUMBER_OBJECT_CONVERSION = YES_AGGRESSIVE;
				CLANG_CXX_LANGUAGE_STANDARD = "gnu++17";
				CLANG_ENABLE_MODULES = YES;
				CLANG_ENABLE_OBJC_ARC = YES;
				CLANG_ENABLE_OBJC_WEAK = YES;
				CLANG_WARN_BLOCK_CAPTURE_AUTORELEASING = YES;
				CLANG_WARN_BOOL_CONVERSION = YES;
				CLANG_WARN_COMMA = YES;
				CLANG_WARN_CONSTANT_CONVERSION = YES;
				CLANG_WARN_DEPRECATED_OBJC_IMPLEMENTATIONS = YES;
				CLANG_WARN_DIRECT_OBJC_ISA_USAGE = YES_ERROR;
				CLANG_WARN_DOCUMENTATION_COMMENTS = YES;
				CLANG_WARN_EMPTY_BODY = YES;
				CLANG_WARN_ENUM_CONVERSION = YES;
				CLANG_WARN_INFINITE_RECURSION = YES;
				CLANG_WARN_INT_CONVERSION = YES;
				CLANG_WARN_NON_LITERAL_NULL_CONVERSION = YES;
				CLANG_WARN_OBJC_IMPLICIT_RETAIN_SELF = YES;
				CLANG_WARN_OBJC_LITERAL_CONVERSION = YES;
				CLANG_WARN_OBJC_ROOT_CLASS = YES_ERROR;
				CLANG_WARN_QUOTED_INCLUDE_IN_FRAMEWORK_HEADER = YES;
				CLANG_WARN_RANGE_LOOP_ANALYSIS = YES;
				CLANG_WARN_STRICT_PROTOTYPES = YES;
				CLANG_WARN_SUSPICIOUS_MOVE = YES;
				CLANG_WARN_UNGUARDED_AVAILABILITY = YES_AGGRESSIVE;
				CLANG_WARN_UNREACHABLE_CODE = YES;
				CLANG_WARN__DUPLICATE_METHOD_MATCH = YES;
				COPY_PHASE_STRIP = NO;
				DEBUG_INFORMATION_FORMAT = dwarf;
				ENABLE_STRICT_OBJC_MSGSEND = YES;
				ENABLE_TESTABILITY = YES;
				GCC_C_LANGUAGE_STANDARD = gnu11;
				GCC_DYNAMIC_NO_PIC = NO;
				GCC_NO_COMMON_BLOCKS = YES;
				GCC_OPTIMIZATION_LEVEL = 0;
				GCC_PREPROCESSOR_DEFINITIONS = (
					"DEBUG=1",
					"$(inherited)",
				);
				GCC_WARN_64_TO_32_BIT_CONVERSION = YES;
				GCC_WARN_ABOUT_RETURN_TYPE = YES_ERROR;
				GCC_WARN_UNDECLARED_SELECTOR = YES;
				GCC_WARN_UNINITIALIZED_AUTOS = YES_AGGRESSIVE;
				GCC_WARN_UNUSED_FUNCTION = YES;
				GCC_WARN_UNUSED_VARIABLE = YES;
				IPHONEOS_DEPLOYMENT_TARGET = 15.5;
				MTL_ENABLE_DEBUG_INFO = INCLUDE_SOURCE;
				MTL_FAST_MATH = YES;
				ONLY_ACTIVE_ARCH = YES;
				SDKROOT = iphoneos;
				SWIFT_ACTIVE_COMPILATION_CONDITIONS = DEBUG;
				SWIFT_OPTIMIZATION_LEVEL = "-Onone";
			};
			name = Debug;
		};
		1156B7FB288E9AC200F58577 /* Release */ = {
			isa = XCBuildConfiguration;
			buildSettings = {
				ALWAYS_SEARCH_USER_PATHS = NO;
				CLANG_ANALYZER_NONNULL = YES;
				CLANG_ANALYZER_NUMBER_OBJECT_CONVERSION = YES_AGGRESSIVE;
				CLANG_CXX_LANGUAGE_STANDARD = "gnu++17";
				CLANG_ENABLE_MODULES = YES;
				CLANG_ENABLE_OBJC_ARC = YES;
				CLANG_ENABLE_OBJC_WEAK = YES;
				CLANG_WARN_BLOCK_CAPTURE_AUTORELEASING = YES;
				CLANG_WARN_BOOL_CONVERSION = YES;
				CLANG_WARN_COMMA = YES;
				CLANG_WARN_CONSTANT_CONVERSION = YES;
				CLANG_WARN_DEPRECATED_OBJC_IMPLEMENTATIONS = YES;
				CLANG_WARN_DIRECT_OBJC_ISA_USAGE = YES_ERROR;
				CLANG_WARN_DOCUMENTATION_COMMENTS = YES;
				CLANG_WARN_EMPTY_BODY = YES;
				CLANG_WARN_ENUM_CONVERSION = YES;
				CLANG_WARN_INFINITE_RECURSION = YES;
				CLANG_WARN_INT_CONVERSION = YES;
				CLANG_WARN_NON_LITERAL_NULL_CONVERSION = YES;
				CLANG_WARN_OBJC_IMPLICIT_RETAIN_SELF = YES;
				CLANG_WARN_OBJC_LITERAL_CONVERSION = YES;
				CLANG_WARN_OBJC_ROOT_CLASS = YES_ERROR;
				CLANG_WARN_QUOTED_INCLUDE_IN_FRAMEWORK_HEADER = YES;
				CLANG_WARN_RANGE_LOOP_ANALYSIS = YES;
				CLANG_WARN_STRICT_PROTOTYPES = YES;
				CLANG_WARN_SUSPICIOUS_MOVE = YES;
				CLANG_WARN_UNGUARDED_AVAILABILITY = YES_AGGRESSIVE;
				CLANG_WARN_UNREACHABLE_CODE = YES;
				CLANG_WARN__DUPLICATE_METHOD_MATCH = YES;
				COPY_PHASE_STRIP = NO;
				DEBUG_INFORMATION_FORMAT = "dwarf-with-dsym";
				ENABLE_NS_ASSERTIONS = NO;
				ENABLE_STRICT_OBJC_MSGSEND = YES;
				GCC_C_LANGUAGE_STANDARD = gnu11;
				GCC_NO_COMMON_BLOCKS = YES;
				GCC_WARN_64_TO_32_BIT_CONVERSION = YES;
				GCC_WARN_ABOUT_RETURN_TYPE = YES_ERROR;
				GCC_WARN_UNDECLARED_SELECTOR = YES;
				GCC_WARN_UNINITIALIZED_AUTOS = YES_AGGRESSIVE;
				GCC_WARN_UNUSED_FUNCTION = YES;
				GCC_WARN_UNUSED_VARIABLE = YES;
				IPHONEOS_DEPLOYMENT_TARGET = 15.5;
				MTL_ENABLE_DEBUG_INFO = NO;
				MTL_FAST_MATH = YES;
				SDKROOT = iphoneos;
				SWIFT_COMPILATION_MODE = wholemodule;
				SWIFT_OPTIMIZATION_LEVEL = "-O";
				VALIDATE_PRODUCT = YES;
			};
			name = Release;
		};
		1156B7FD288E9AC200F58577 /* Debug */ = {
			isa = XCBuildConfiguration;
			buildSettings = {
				ASSETCATALOG_COMPILER_APPICON_NAME = AppIcon;
				ASSETCATALOG_COMPILER_GLOBAL_ACCENT_COLOR_NAME = AccentColor;
				CODE_SIGN_STYLE = Automatic;
				CURRENT_PROJECT_VERSION = 1;
				DEVELOPMENT_TEAM = 6KKCSVG8J3;
				GENERATE_INFOPLIST_FILE = YES;
				INFOPLIST_FILE = Netmate/Info.plist;
				INFOPLIST_KEY_UIApplicationSupportsIndirectInputEvents = YES;
				INFOPLIST_KEY_UILaunchStoryboardName = LaunchScreen;
				INFOPLIST_KEY_UISupportedInterfaceOrientations_iPad = "UIInterfaceOrientationPortrait UIInterfaceOrientationPortraitUpsideDown UIInterfaceOrientationLandscapeLeft UIInterfaceOrientationLandscapeRight";
				INFOPLIST_KEY_UISupportedInterfaceOrientations_iPhone = "UIInterfaceOrientationPortrait UIInterfaceOrientationLandscapeLeft UIInterfaceOrientationLandscapeRight";
				LD_RUNPATH_SEARCH_PATHS = (
					"$(inherited)",
					"@executable_path/Frameworks",
				);
				MARKETING_VERSION = 1.0;
				PRODUCT_BUNDLE_IDENTIFIER = com.gin.Netmate;
				PRODUCT_NAME = "$(TARGET_NAME)";
				SWIFT_EMIT_LOC_STRINGS = YES;
				SWIFT_VERSION = 5.0;
				TARGETED_DEVICE_FAMILY = "1,2";
			};
			name = Debug;
		};
		1156B7FE288E9AC200F58577 /* Release */ = {
			isa = XCBuildConfiguration;
			buildSettings = {
				ASSETCATALOG_COMPILER_APPICON_NAME = AppIcon;
				ASSETCATALOG_COMPILER_GLOBAL_ACCENT_COLOR_NAME = AccentColor;
				CODE_SIGN_STYLE = Automatic;
				CURRENT_PROJECT_VERSION = 1;
				DEVELOPMENT_TEAM = 6KKCSVG8J3;
				GENERATE_INFOPLIST_FILE = YES;
				INFOPLIST_FILE = Netmate/Info.plist;
				INFOPLIST_KEY_UIApplicationSupportsIndirectInputEvents = YES;
				INFOPLIST_KEY_UILaunchStoryboardName = LaunchScreen;
				INFOPLIST_KEY_UISupportedInterfaceOrientations_iPad = "UIInterfaceOrientationPortrait UIInterfaceOrientationPortraitUpsideDown UIInterfaceOrientationLandscapeLeft UIInterfaceOrientationLandscapeRight";
				INFOPLIST_KEY_UISupportedInterfaceOrientations_iPhone = "UIInterfaceOrientationPortrait UIInterfaceOrientationLandscapeLeft UIInterfaceOrientationLandscapeRight";
				LD_RUNPATH_SEARCH_PATHS = (
					"$(inherited)",
					"@executable_path/Frameworks",
				);
				MARKETING_VERSION = 1.0;
				PRODUCT_BUNDLE_IDENTIFIER = com.gin.Netmate;
				PRODUCT_NAME = "$(TARGET_NAME)";
				SWIFT_EMIT_LOC_STRINGS = YES;
				SWIFT_VERSION = 5.0;
				TARGETED_DEVICE_FAMILY = "1,2";
			};
			name = Release;
		};
/* End XCBuildConfiguration section */

/* Begin XCConfigurationList section */
		1156B7E3288E9AC000F58577 /* Build configuration list for PBXProject "Netmate" */ = {
			isa = XCConfigurationList;
			buildConfigurations = (
				1156B7FA288E9AC200F58577 /* Debug */,
				1156B7FB288E9AC200F58577 /* Release */,
			);
			defaultConfigurationIsVisible = 0;
			defaultConfigurationName = Release;
		};
		1156B7FC288E9AC200F58577 /* Build configuration list for PBXNativeTarget "Netmate" */ = {
			isa = XCConfigurationList;
			buildConfigurations = (
				1156B7FD288E9AC200F58577 /* Debug */,
				1156B7FE288E9AC200F58577 /* Release */,
			);
			defaultConfigurationIsVisible = 0;
			defaultConfigurationName = Release;
		};
/* End XCConfigurationList section */
	};
	rootObject = 1156B7E0288E9ABF00F58577 /* Project object */;
}
